
Microsoft Visual Studio Solution File, Format Version 12.00
# Visual Studio Version 17
VisualStudioVersion = 17.5.002.0
MinimumVisualStudioVersion = 10.0.40219.1
Project("{9A19103F-16F7-4668-BE54-9A1E7A4F7556}") = "LHPet", "LHPet.csproj", "{DF57C6DA-C4C9-4F11-860A-441076E20F96}"
EndProject
Global
	GlobalSection(SolutionConfigurationPlatforms) = preSolution
		Debug|Any CPU = Debug|Any CPU
		Release|Any CPU = Release|Any CPU
	EndGlobalSection
	GlobalSection(ProjectConfigurationPlatforms) = postSolution
		{DF57C6DA-C4C9-4F11-860A-441076E20F96}.Debug|Any CPU.ActiveCfg = Debug|Any CPU
		{DF57C6DA-C4C9-4F11-860A-441076E20F96}.Debug|Any CPU.Build.0 = Debug|Any CPU
		{DF57C6DA-C4C9-4F11-860A-441076E20F96}.Release|Any CPU.ActiveCfg = Release|Any CPU
		{DF57C6DA-C4C9-4F11-860A-441076E20F96}.Release|Any CPU.Build.0 = Release|Any CPU
	EndGlobalSection
	GlobalSection(SolutionProperties) = preSolution
		HideSolutionNode = FALSE
	EndGlobalSection
	GlobalSection(ExtensibilityGlobals) = postSolution
		SolutionGuid = {481DC565-4EC9-4773-A652-26C30014E372}
	EndGlobalSection
EndGlobal
